// !$*UTF8*$!
{
	archiveVersion = 1;
	classes = {
	};
	objectVersion = 50;
	objects = {

/* Begin PBXBuildFile section */
		340A888E26B1C64F009E6351 /* Assignment_NotebookApp.swift in Sources */ = {isa = PBXBuildFile; fileRef = 340A888D26B1C64F009E6351 /* Assignment_NotebookApp.swift */; };
		340A889026B1C64F009E6351 /* ContentView.swift in Sources */ = {isa = PBXBuildFile; fileRef = 340A888F26B1C64F009E6351 /* ContentView.swift */; };
		340A889226B1C650009E6351 /* Assets.xcassets in Resources */ = {isa = PBXBuildFile; fileRef = 340A889126B1C650009E6351 /* Assets.xcassets */; };
		340A889526B1C650009E6351 /* Preview Assets.xcassets in Resources */ = {isa = PBXBuildFile; fileRef = 340A889426B1C650009E6351 /* Preview Assets.xcassets */; };
		340A889D26B1CC37009E6351 /* AssignmentList.swift in Sources */ = {isa = PBXBuildFile; fileRef = 340A889C26B1CC37009E6351 /* AssignmentList.swift */; };
		3462E9E826B9E0AF00D6E184 /* AddItemView.swift in Sources */ = {isa = PBXBuildFile; fileRef = 3462E9E726B9E0AF00D6E184 /* AddItemView.swift */; };
/* End PBXBuildFile section */

/* Begin PBXFileReference section */
		340A888A26B1C64F009E6351 /* Assignment Notebook.app */ = {isa = PBXFileReference; explicitFileType = wrapper.application; includeInIndex = 0; path = "Assignment Notebook.app"; sourceTree = BUILT_PRODUCTS_DIR; };
		340A888D26B1C64F009E6351 /* Assignment_NotebookApp.swift */ = {isa = PBXFileReference; lastKnownFileType = sourcecode.swift; path = Assignment_NotebookApp.swift; sourceTree = "<group>"; };
		340A888F26B1C64F009E6351 /* ContentView.swift */ = {isa = PBXFileReference; lastKnownFileType = sourcecode.swift; path = ContentView.swift; sourceTree = "<group>"; };
		340A889126B1C650009E6351 /* Assets.xcassets */ = {isa = PBXFileReference; lastKnownFileType = folder.assetcatalog; path = Assets.xcassets; sourceTree = "<group>"; };
		340A889426B1C650009E6351 /* Preview Assets.xcassets */ = {isa = PBXFileReference; lastKnownFileType = folder.assetcatalog; path = "Preview Assets.xcassets"; sourceTree = "<group>"; };
		340A889626B1C650009E6351 /* Info.plist */ = {isa = PBXFileReference; lastKnownFileType = text.plist.xml; path = Info.plist; sourceTree = "<group>"; };
		340A889C26B1CC37009E6351 /* AssignmentList.swift */ = {isa = PBXFileReference; lastKnownFileType = sourcecode.swift; path = AssignmentList.swift; sourceTree = "<group>"; };
		3462E9E726B9E0AF00D6E184 /* AddItemView.swift */ = {isa = PBXFileReference; lastKnownFileType = sourcecode.swift; path = AddItemView.swift; sourceTree = "<group>"; };
/* End PBXFileReference section */

/* Begin PBXFrameworksBuildPhase section */
		340A888726B1C64F009E6351 /* Frameworks */ = {
			isa = PBXFrameworksBuildPhase;
			buildActionMask = 2147483647;
			files = (
			);
			runOnlyForDeploymentPostprocessing = 0;
		};
/* End PBXFrameworksBuildPhase section */

/* Begin PBXGroup section */
		340A888126B1C64F009E6351 = {
			isa = PBXGroup;
			children = (
				340A888C26B1C64F009E6351 /* Assignment Notebook */,
				340A888B26B1C64F009E6351 /* Products */,
			);
			sourceTree = "<group>";
		};
		340A888B26B1C64F009E6351 /* Products */ = {
			isa = PBXGroup;
			children = (
				340A888A26B1C64F009E6351 /* Assignment Notebook.app */,
			);
			name = Products;
			sourceTree = "<group>";
		};
		340A888C26B1C64F009E6351 /* Assignment Notebook */ = {
			isa = PBXGroup;
			children = (
				340A888D26B1C64F009E6351 /* Assignment_NotebookApp.swift */,
				340A888F26B1C64F009E6351 /* ContentView.swift */,
				3462E9E726B9E0AF00D6E184 /* AddItemView.swift */,
				340A889C26B1CC37009E6351 /* AssignmentList.swift */,
				340A889126B1C650009E6351 /* Assets.xcassets */,
				340A889626B1C650009E6351 /* Info.plist */,
				340A889326B1C650009E6351 /* Preview Content */,
			);
			path = "Assignment Notebook";
			sourceTree = "<group>";
		};
		340A889326B1C650009E6351 /* Preview Content */ = {
			isa = PBXGroup;
			children = (
				340A889426B1C650009E6351 /* Preview Assets.xcassets */,
			);
			path = "Preview Content";
			sourceTree = "<group>";
		};
/* End PBXGroup section */

/* Begin PBXNativeTarget section */
		340A888926B1C64F009E6351 /* Assignment Notebook */ = {
			isa = PBXNativeTarget;
			buildConfigurationList = 340A889926B1C650009E6351 /* Build configuration list for PBXNativeTarget "Assignment Notebook" */;
			buildPhases = (
				340A888626B1C64F009E6351 /* Sources */,
				340A888726B1C64F009E6351 /* Frameworks */,
				340A888826B1C64F009E6351 /* Resources */,
			);
			buildRules = (
			);
			dependencies = (
			);
			name = "Assignment Notebook";
			productName = "Assignment Notebook";
			productReference = 340A888A26B1C64F009E6351 /* Assignment Notebook.app */;
			productType = "com.apple.product-type.application";
		};
/* End PBXNativeTarget section */

/* Begin PBXProject section */
		340A888226B1C64F009E6351 /* Project object */ = {
			isa = PBXProject;
			attributes = {
				LastSwiftUpdateCheck = 1250;
				LastUpgradeCheck = 1250;
				TargetAttributes = {
					340A888926B1C64F009E6351 = {
						CreatedOnToolsVersion = 12.5.1;
					};
				};
			};
			buildConfigurationList = 340A888526B1C64F009E6351 /* Build configuration list for PBXProject "Assignment Notebook" */;
			compatibilityVersion = "Xcode 9.3";
			developmentRegion = en;
			hasScannedForEncodings = 0;
			knownRegions = (
				en,
				Base,
			);
			mainGroup = 340A888126B1C64F009E6351;
			productRefGroup = 340A888B26B1C64F009E6351 /* Products */;
			projectDirPath = "";
			projectRoot = "";
			targets = (
				340A888926B1C64F009E6351 /* Assignment Notebook */,
			);
		};
/* End PBXProject section */

/* Begin PBXResourcesBuildPhase section */
		340A888826B1C64F009E6351 /* Resources */ = {
			isa = PBXResourcesBuildPhase;
			buildActionMask = 2147483647;
			files = (
				340A889526B1C650009E6351 /* Preview Assets.xcassets in Resources */,
				340A889226B1C650009E6351 /* Assets.xcassets in Resources */,
			);
			runOnlyForDeploymentPostprocessing = 0;
		};
/* End PBXResourcesBuildPhase section */

/* Begin PBXSourcesBuildPhase section */
		340A888626B1C64F009E6351 /* Sources */ = {
			isa = PBXSourcesBuildPhase;
			buildActionMask = 2147483647;
			files = (
				340A889D26B1CC37009E6351 /* AssignmentList.swift in Sources */,
				340A889026B1C64F009E6351 /* ContentView.swift in Sources */,
				340A888E26B1C64F009E6351 /* Assignment_NotebookApp.swift in Sources */,
				3462E9E826B9E0AF00D6E184 /* AddItemView.swift in Sources */,
			);
			runOnlyForDeploymentPostprocessing = 0;
		};
/* End PBXSourcesBuildPhase section */

/* Begin XCBuildConfiguration section */
		340A889726B1C650009E6351 /* Debug */ = {
			isa = XCBuildConfiguration;
			buildSettings = {
				ALWAYS_SEARCH_USER_PATHS = NO;
				CLANG_ANALYZER_NONNULL = YES;
				CLANG_ANALYZER_NUMBER_OBJECT_CONVERSION = YES_AGGRESSIVE;
				CLANG_CXX_LANGUAGE_STANDARD = "gnu++14";
				CLANG_CXX_LIBRARY = "libc++";
				CLANG_ENABLE_MODULES = YES;
				CLANG_ENABLE_OBJC_ARC = YES;
				CLANG_ENABLE_OBJC_WEAK = YES;
				CLANG_WARN_BLOCK_CAPTURE_AUTORELEASING = YES;
				CLANG_WARN_BOOL_CONVERSION = YES;
				CLANG_WARN_COMMA = YES;
				CLANG_WARN_CONSTANT_CONVERSION = YES;
				CLANG_WARN_DEPRECATED_OBJC_IMPLEMENTATIONS = YES;
				CLANG_WARN_DIRECT_OBJC_ISA_USAGE = YES_ERROR;
				CLANG_WARN_DOCUMENTATION_COMMENTS = YES;
				CLANG_WARN_EMPTY_BODY = YES;
				CLANG_WARN_ENUM_CONVERSION = YES;
				CLANG_WARN_INFINITE_RECURSION = YES;
				CLANG_WARN_INT_CONVERSION = YES;
				CLANG_WARN_NON_LITERAL_NULL_CONVERSION = YES;
				CLANG_WARN_OBJC_IMPLICIT_RETAIN_SELF = YES;
				CLANG_WARN_OBJC_LITERAL_CONVERSION = YES;
				CLANG_WARN_OBJC_ROOT_CLASS = YES_ERROR;
				CLANG_WARN_QUOTED_INCLUDE_IN_FRAMEWORK_HEADER = YES;
				CLANG_WARN_RANGE_LOOP_ANALYSIS = YES;
				CLANG_WARN_STRICT_PROTOTYPES = YES;
				CLANG_WARN_SUSPICIOUS_MOVE = YES;
				CLANG_WARN_UNGUARDED_AVAILABILITY = YES_AGGRESSIVE;
				CLANG_WARN_UNREACHABLE_CODE = YES;
				CLANG_WARN__DUPLICATE_METHOD_MATCH = YES;
				COPY_PHASE_STRIP = NO;
				DEBUG_INFORMATION_FORMAT = dwarf;
				ENABLE_STRICT_OBJC_MSGSEND = YES;
				ENABLE_TESTABILITY = YES;
				GCC_C_LANGUAGE_STANDARD = gnu11;
				GCC_DYNAMIC_NO_PIC = NO;
				GCC_NO_COMMON_BLOCKS = YES;
				GCC_OPTIMIZATION_LEVEL = 0;
				GCC_PREPROCESSOR_DEFINITIONS = (
					"DEBUG=1",
					"$(inherited)",
				);
				GCC_WARN_64_TO_32_BIT_CONVERSION = YES;
				GCC_WARN_ABOUT_RETURN_TYPE = YES_ERROR;
				GCC_WARN_UNDECLARED_SELECTOR = YES;
				GCC_WARN_UNINITIALIZED_AUTOS = YES_AGGRESSIVE;
				GCC_WARN_UNUSED_FUNCTION = YES;
				GCC_WARN_UNUSED_VARIABLE = YES;
				IPHONEOS_DEPLOYMENT_TARGET = 14.5;
				MTL_ENABLE_DEBUG_INFO = INCLUDE_SOURCE;
				MTL_FAST_MATH = YES;
				ONLY_ACTIVE_ARCH = YES;
				SDKROOT = iphoneos;
				SWIFT_ACTIVE_COMPILATION_CONDITIONS = DEBUG;
				SWIFT_OPTIMIZATION_LEVEL = "-Onone";
			};
			name = Debug;
		};
		340A889826B1C650009E6351 /* Release */ = {
			isa = XCBuildConfiguration;
			buildSettings = {
				ALWAYS_SEARCH_USER_PATHS = NO;
				CLANG_ANALYZER_NONNULL = YES;
				CLANG_ANALYZER_NUMBER_OBJECT_CONVERSION = YES_AGGRESSIVE;
				CLANG_CXX_LANGUAGE_STANDARD = "gnu++14";
				CLANG_CXX_LIBRARY = "libc++";
				CLANG_ENABLE_MODULES = YES;
				CLANG_ENABLE_OBJC_ARC = YES;
				CLANG_ENABLE_OBJC_WEAK = YES;
				CLANG_WARN_BLOCK_CAPTURE_AUTORELEASING = YES;
				CLANG_WARN_BOOL_CONVERSION = YES;
				CLANG_WARN_COMMA = YES;
				CLANG_WARN_CONSTANT_CONVERSION = YES;
				CLANG_WARN_DEPRECATED_OBJC_IMPLEMENTATIONS = YES;
				CLANG_WARN_DIRECT_OBJC_ISA_USAGE = YES_ERROR;
				CLANG_WARN_DOCUMENTATION_COMMENTS = YES;
				CLANG_WARN_EMPTY_BODY = YES;
				CLANG_WARN_ENUM_CONVERSION = YES;
				CLANG_WARN_INFINITE_RECURSION = YES;
				CLANG_WARN_INT_CONVERSION = YES;
				CLANG_WARN_NON_LITERAL_NULL_CONVERSION = YES;
				CLANG_WARN_OBJC_IMPLICIT_RETAIN_SELF = YES;
				CLANG_WARN_OBJC_LITERAL_CONVERSION = YES;
				CLANG_WARN_OBJC_ROOT_CLASS = YES_ERROR;
				CLANG_WARN_QUOTED_INCLUDE_IN_FRAMEWORK_HEADER = YES;
				CLANG_WARN_RANGE_LOOP_ANALYSIS = YES;
				CLANG_WARN_STRICT_PROTOTYPES = YES;
				CLANG_WARN_SUSPICIOUS_MOVE = YES;
				CLANG_WARN_UNGUARDED_AVAILABILITY = YES_AGGRESSIVE;
				CLANG_WARN_UNREACHABLE_CODE = YES;
				CLANG_WARN__DUPLICATE_METHOD_MATCH = YES;
				COPY_PHASE_STRIP = NO;
				DEBUG_INFORMATION_FORMAT = "dwarf-with-dsym";
				ENABLE_NS_ASSERTIONS = NO;
				ENABLE_STRICT_OBJC_MSGSEND = YES;
				GCC_C_LANGUAGE_STANDARD = gnu11;
				GCC_NO_COMMON_BLOCKS = YES;
				GCC_WARN_64_TO_32_BIT_CONVERSION = YES;
				GCC_WARN_ABOUT_RETURN_TYPE = YES_ERROR;
				GCC_WARN_UNDECLARED_SELECTOR = YES;
				GCC_WARN_UNINITIALIZED_AUTOS = YES_AGGRESSIVE;
				GCC_WARN_UNUSED_FUNCTION = YES;
				GCC_WARN_UNUSED_VARIABLE = YES;
				IPHONEOS_DEPLOYMENT_TARGET = 14.5;
				MTL_ENABLE_DEBUG_INFO = NO;
				MTL_FAST_MATH = YES;
				SDKROOT = iphoneos;
				SWIFT_COMPILATION_MODE = wholemodule;
				SWIFT_OPTIMIZATION_LEVEL = "-O";
				VALIDATE_PRODUCT = YES;
			};
			name = Release;
		};
		340A889A26B1C650009E6351 /* Debug */ = {
			isa = XCBuildConfiguration;
			buildSettings = {
				ASSETCATALOG_COMPILER_APPICON_NAME = AppIcon;
				ASSETCATALOG_COMPILER_GLOBAL_ACCENT_COLOR_NAME = AccentColor;
				CODE_SIGN_STYLE = Automatic;
				DEVELOPMENT_ASSET_PATHS = "\"Assignment Notebook/Preview Content\"";
				DEVELOPMENT_TEAM = 2777Y4C7N3;
				ENABLE_PREVIEWS = YES;
				INFOPLIST_FILE = "Assignment Notebook/Info.plist";
				IPHONEOS_DEPLOYMENT_TARGET = 14.0;
				LD_RUNPATH_SEARCH_PATHS = (
					"$(inherited)",
					"@executable_path/Frameworks",
				);
				PRODUCT_BUNDLE_IDENTIFIER = "com.TwinPillarsDevelopment-Inc..Assignment-Notebook";
				PRODUCT_NAME = "$(TARGET_NAME)";
				SWIFT_VERSION = 5.0;
				TARGETED_DEVICE_FAMILY = "1,2";
			};
			name = Debug;
		};
		340A889B26B1C650009E6351 /* Release */ = {
			isa = XCBuildConfiguration;
			buildSettings = {
				ASSETCATALOG_COMPILER_APPICON_NAME = AppIcon;
				ASSETCATALOG_COMPILER_GLOBAL_ACCENT_COLOR_NAME = AccentColor;
				CODE_SIGN_STYLE = Automatic;
				DEVELOPMENT_ASSET_PATHS = "\"Assignment Notebook/Preview Content\"";
				DEVELOPMENT_TEAM = 2777Y4C7N3;
				ENABLE_PREVIEWS = YES;
				INFOPLIST_FILE = "Assignment Notebook/Info.plist";
				IPHONEOS_DEPLOYMENT_TARGET = 14.0;
				LD_RUNPATH_SEARCH_PATHS = (
					"$(inherited)",
					"@executable_path/Frameworks",
				);
				PRODUCT_BUNDLE_IDENTIFIER = "com.TwinPillarsDevelopment-Inc..Assignment-Notebook";
				PRODUCT_NAME = "$(TARGET_NAME)";
				SWIFT_VERSION = 5.0;
				TARGETED_DEVICE_FAMILY = "1,2";
			};
			name = Release;
		};
/* End XCBuildConfiguration section */

/* Begin XCConfigurationList section */
		340A888526B1C64F009E6351 /* Build configuration list for PBXProject "Assignment Notebook" */ = {
			isa = XCConfigurationList;
			buildConfigurations = (
				340A889726B1C650009E6351 /* Debug */,
				340A889826B1C650009E6351 /* Release */,
			);
			defaultConfigurationIsVisible = 0;
			defaultConfigurationName = Release;
		};
		340A889926B1C650009E6351 /* Build configuration list for PBXNativeTarget "Assignment Notebook" */ = {
			isa = XCConfigurationList;
			buildConfigurations = (
				340A889A26B1C650009E6351 /* Debug */,
				340A889B26B1C650009E6351 /* Release */,
			);
			defaultConfigurationIsVisible = 0;
			defaultConfigurationName = Release;
		};
/* End XCConfigurationList section */
	};
	rootObject = 340A888226B1C64F009E6351 /* Project object */;
}
